
Microsoft Visual Studio Solution File, Format Version 12.00
# Visual Studio Version 16
VisualStudioVersion = 16.0.34301.259
MinimumVisualStudioVersion = 10.0.40219.1
Project("{FAE04EC0-301F-11D3-BF4B-00C04F79EFBC}") = "ConsoleApp1", "ConsoleApp1\ConsoleApp1.csproj", "{BCBF6FAE-D682-403F-8A1E-D937ABFEE64B}"
EndProject
Global
	GlobalSection(SolutionConfigurationPlatforms) = preSolution
		Debug|Any CPU = Debug|Any CPU
		Release|Any CPU = Release|Any CPU
	EndGlobalSection
	GlobalSection(ProjectConfigurationPlatforms) = postSolution
		{BCBF6FAE-D682-403F-8A1E-D937ABFEE64B}.Debug|Any CPU.ActiveCfg = Debug|Any CPU
		{BCBF6FAE-D682-403F-8A1E-D937ABFEE64B}.Debug|Any CPU.Build.0 = Debug|Any CPU
		{BCBF6FAE-D682-403F-8A1E-D937ABFEE64B}.Release|Any CPU.ActiveCfg = Release|Any CPU
		{BCBF6FAE-D682-403F-8A1E-D937ABFEE64B}.Release|Any CPU.Build.0 = Release|Any CPU
	EndGlobalSection
	GlobalSection(SolutionProperties) = preSolution
		HideSolutionNode = FALSE
	EndGlobalSection
	GlobalSection(ExtensibilityGlobals) = postSolution
		SolutionGuid = {724AA152-95F2-46F9-B4C7-F0499607CFA0}
	EndGlobalSection
EndGlobal
